
Microsoft Visual Studio Solution File, Format Version 12.00
# Visual Studio 2013
VisualStudioVersion = 12.0.31101.0
MinimumVisualStudioVersion = 10.0.40219.1
Project("{FAE04EC0-301F-11D3-BF4B-00C04F79EFBC}") = "QCuteBaseProject", "QCuteBaseProject\QCuteBaseProject.csproj", "{8DBC8BC1-DFAD-4C4E-BBA2-A1791CDA3894}"
EndProject
Global
	GlobalSection(SolutionConfigurationPlatforms) = preSolution
		Debug|Any CPU = Debug|Any CPU
		Debug|Default = Debug|Default
		Release|Any CPU = Release|Any CPU
		Release|Default = Release|Default
	EndGlobalSection
	GlobalSection(ProjectConfigurationPlatforms) = postSolution
		{8DBC8BC1-DFAD-4C4E-BBA2-A1791CDA3894}.Debug|Any CPU.ActiveCfg = Debug|Any CPU
		{8DBC8BC1-DFAD-4C4E-BBA2-A1791CDA3894}.Debug|Any CPU.Build.0 = Debug|Any CPU
		{8DBC8BC1-DFAD-4C4E-BBA2-A1791CDA3894}.Debug|Default.ActiveCfg = Debug|Any CPU
		{8DBC8BC1-DFAD-4C4E-BBA2-A1791CDA3894}.Release|Any CPU.ActiveCfg = Release|Any CPU
		{8DBC8BC1-DFAD-4C4E-BBA2-A1791CDA3894}.Release|Any CPU.Build.0 = Release|Any CPU
		{8DBC8BC1-DFAD-4C4E-BBA2-A1791CDA3894}.Release|Default.ActiveCfg = Release|Any CPU
	EndGlobalSection
	GlobalSection(SolutionProperties) = preSolution
		HideSolutionNode = FALSE
	EndGlobalSection
	GlobalSection(SolutionConfigurationPlatforms) = preSolution
		Debug|Any CPU = Debug|Any CPU
		Release|Any CPU = Release|Any CPU
	EndGlobalSection
EndGlobal
